lockfileVersion: 5.4

specifiers:
  '@emailjs/nodejs': ^2.2.0

dependencies:
  '@emailjs/nodejs': 2.2.0

packages:

  /@emailjs/nodejs/2.2.0:
    resolution: {integrity: sha512-R5V14yCNmdQ5CrzE09BlsV/5s2DN8UcmxgBTo/Jk4T8TKxYT6s8lcEBUgfHSSvPRv/GGsNUknW7MNypgibVOpA==}
    engines: {node: '>=14.0.0'}
    dev: false
